
Microsoft Visual Studio Solution File, Format Version 12.00
# Visual Studio Version 17
VisualStudioVersion = 17.9.34622.214
MinimumVisualStudioVersion = 10.0.40219.1
Project("{FAE04EC0-301F-11D3-BF4B-00C04F79EFBC}") = "ahif_academy", "ahif_academy.csproj", "{FEB46F8B-065F-4B26-BB0C-4813D4D4C399}"
EndProject
Global
	GlobalSection(SolutionConfigurationPlatforms) = preSolution
		Debug|Any CPU = Debug|Any CPU
		Release|Any CPU = Release|Any CPU
	EndGlobalSection
	GlobalSection(ProjectConfigurationPlatforms) = postSolution
		{FEB46F8B-065F-4B26-BB0C-4813D4D4C399}.Debug|Any CPU.ActiveCfg = Debug|Any CPU
		{FEB46F8B-065F-4B26-BB0C-4813D4D4C399}.Debug|Any CPU.Build.0 = Debug|Any CPU
		{FEB46F8B-065F-4B26-BB0C-4813D4D4C399}.Release|Any CPU.ActiveCfg = Release|Any CPU
		{FEB46F8B-065F-4B26-BB0C-4813D4D4C399}.Release|Any CPU.Build.0 = Release|Any CPU
	EndGlobalSection
	GlobalSection(SolutionProperties) = preSolution
		HideSolutionNode = FALSE
	EndGlobalSection
	GlobalSection(ExtensibilityGlobals) = postSolution
		SolutionGuid = {EC934F69-F61D-41F1-AF60-8A3138E1743F}
	EndGlobalSection
EndGlobal
